
Microsoft Visual Studio Solution File, Format Version 12.00
# Visual Studio Version 16
VisualStudioVersion = 25.0.1703.8
MinimumVisualStudioVersion = 10.0.40219.1
Project("{FAE04EC0-301F-11D3-BF4B-00C04F79EFBC}") = "export-notion-to-hugo", "export-notion-to-hugo\export-notion-to-hugo.csproj", "{E7176966-D5CB-4E22-85A2-3B4707B0C447}"
EndProject
Global
	GlobalSection(SolutionConfigurationPlatforms) = preSolution
		Debug|Any CPU = Debug|Any CPU
		Release|Any CPU = Release|Any CPU
	EndGlobalSection
	GlobalSection(ProjectConfigurationPlatforms) = postSolution
		{E7176966-D5CB-4E22-85A2-3B4707B0C447}.Debug|Any CPU.ActiveCfg = Debug|Any CPU
		{E7176966-D5CB-4E22-85A2-3B4707B0C447}.Debug|Any CPU.Build.0 = Debug|Any CPU
		{E7176966-D5CB-4E22-85A2-3B4707B0C447}.Release|Any CPU.ActiveCfg = Release|Any CPU
		{E7176966-D5CB-4E22-85A2-3B4707B0C447}.Release|Any CPU.Build.0 = Release|Any CPU
	EndGlobalSection
	GlobalSection(SolutionProperties) = preSolution
		HideSolutionNode = FALSE
	EndGlobalSection
	GlobalSection(ExtensibilityGlobals) = postSolution
		SolutionGuid = {A3EDE87A-D3A0-4F8F-B529-0A34D66BDBCF}
	EndGlobalSection
EndGlobal
